
Microsoft Visual Studio Solution File, Format Version 11.00
# Visual Studio 2010
Project("{8BC9CEB8-8B4A-11D0-8D11-00A0C91BC942}") = "AppInitHook", "AppInitHook\AppInitHook.vcxproj", "{274D93DD-2CFA-4908-ADF9-5EC958808CF4}"
EndProject
Project("{8BC9CEB8-8B4A-11D0-8D11-00A0C91BC942}") = "exe", "exe\exe.vcxproj", "{076F22EC-1B01-4364-89FB-69A2F1C64FEF}"
	ProjectSection(ProjectDependencies) = postProject
		{274D93DD-2CFA-4908-ADF9-5EC958808CF4} = {274D93DD-2CFA-4908-ADF9-5EC958808CF4}
	EndProjectSection
EndProject
Global
	GlobalSection(SolutionConfigurationPlatforms) = preSolution
		Debug|Win32 = Debug|Win32
		Release|Win32 = Release|Win32
	EndGlobalSection
	GlobalSection(ProjectConfigurationPlatforms) = postSolution
		{274D93DD-2CFA-4908-ADF9-5EC958808CF4}.Debug|Win32.ActiveCfg = Debug|Win32
		{274D93DD-2CFA-4908-ADF9-5EC958808CF4}.Debug|Win32.Build.0 = Debug|Win32
		{274D93DD-2CFA-4908-ADF9-5EC958808CF4}.Release|Win32.ActiveCfg = Release|Win32
		{274D93DD-2CFA-4908-ADF9-5EC958808CF4}.Release|Win32.Build.0 = Release|Win32
		{076F22EC-1B01-4364-89FB-69A2F1C64FEF}.Debug|Win32.ActiveCfg = Debug|Win32
		{076F22EC-1B01-4364-89FB-69A2F1C64FEF}.Debug|Win32.Build.0 = Debug|Win32
		{076F22EC-1B01-4364-89FB-69A2F1C64FEF}.Release|Win32.ActiveCfg = Release|Win32
		{076F22EC-1B01-4364-89FB-69A2F1C64FEF}.Release|Win32.Build.0 = Release|Win32
	EndGlobalSection
	GlobalSection(SolutionProperties) = preSolution
		HideSolutionNode = FALSE
	EndGlobalSection
EndGlobal
